Microsoft Visual Studio Solution File, Format Version 12.00
# Visual Studio Version 17
VisualStudioVersion = 17.5.2.0
MinimumVisualStudioVersion = 10.0.40219.1
Project("{FAE04EC0-301F-11D3-BF4B-00C04F79EFBC}") = "Delice.API", "Delice.API\Delice.API.csproj", "{7DD15427-4545-C165-DD6E-F72365ABE61D}"
EndProject
Global
	GlobalSection(SolutionConfigurationPlatforms) = preSolution
		Debug|Any CPU = Debug|Any CPU
		Release|Any CPU = Release|Any CPU
	EndGlobalSection
	GlobalSection(ProjectConfigurationPlatforms) = postSolution
		{7DD15427-4545-C165-DD6E-F72365ABE61D}.Debug|Any CPU.ActiveCfg = Debug|Any CPU
		{7DD15427-4545-C165-DD6E-F72365ABE61D}.Debug|Any CPU.Build.0 = Debug|Any CPU
		{7DD15427-4545-C165-DD6E-F72365ABE61D}.Release|Any CPU.ActiveCfg = Release|Any CPU
		{7DD15427-4545-C165-DD6E-F72365ABE61D}.Release|Any CPU.Build.0 = Release|Any CPU
	EndGlobalSection
	GlobalSection(SolutionProperties) = preSolution
		HideSolutionNode = FALSE
	EndGlobalSection
	GlobalSection(ExtensibilityGlobals) = postSolution
		SolutionGuid = {42F9FD05-4C5A-4832-9D4C-718AA063CDE9}
	EndGlobalSection
EndGlobal
